
Microsoft Visual Studio Solution File, Format Version 12.00
# Visual Studio Version 17
VisualStudioVersion = 17.5.33530.505
MinimumVisualStudioVersion = 10.0.40219.1
Project("{9A19103F-16F7-4668-BE54-9A1E7A4F7556}") = "InternDiary", "InternDiary\InternDiary.csproj", "{C457EAC3-427A-48E6-9172-7B72F53230FB}"
EndProject
Project("{FAE04EC0-301F-11D3-BF4B-00C04F79EFBC}") = "InternDiaryV2", "InternDiaryV2\InternDiaryV2.csproj", "{3B512170-FFF1-4008-B076-18416541F542}"
EndProject
Global
	GlobalSection(SolutionConfigurationPlatforms) = preSolution
		Debug|Any CPU = Debug|Any CPU
		Release|Any CPU = Release|Any CPU
	EndGlobalSection
	GlobalSection(ProjectConfigurationPlatforms) = postSolution
		{C457EAC3-427A-48E6-9172-7B72F53230FB}.Debug|Any CPU.ActiveCfg = Debug|Any CPU
		{C457EAC3-427A-48E6-9172-7B72F53230FB}.Debug|Any CPU.Build.0 = Debug|Any CPU
		{C457EAC3-427A-48E6-9172-7B72F53230FB}.Release|Any CPU.ActiveCfg = Release|Any CPU
		{C457EAC3-427A-48E6-9172-7B72F53230FB}.Release|Any CPU.Build.0 = Release|Any CPU
		{3B512170-FFF1-4008-B076-18416541F542}.Debug|Any CPU.ActiveCfg = Debug|Any CPU
		{3B512170-FFF1-4008-B076-18416541F542}.Debug|Any CPU.Build.0 = Debug|Any CPU
		{3B512170-FFF1-4008-B076-18416541F542}.Release|Any CPU.ActiveCfg = Release|Any CPU
		{3B512170-FFF1-4008-B076-18416541F542}.Release|Any CPU.Build.0 = Release|Any CPU
	EndGlobalSection
	GlobalSection(SolutionProperties) = preSolution
		HideSolutionNode = FALSE
	EndGlobalSection
	GlobalSection(ExtensibilityGlobals) = postSolution
		SolutionGuid = {8B7A03CF-1620-4CF0-A96D-4CB864D994A6}
	EndGlobalSection
EndGlobal
